
Microsoft Visual Studio Solution File, Format Version 12.00
# Visual Studio Version 17
VisualStudioVersion = 17.2.32602.215
MinimumVisualStudioVersion = 10.0.40219.1
Project("{9A19103F-16F7-4668-BE54-9A1E7A4F7556}") = "dotnet-wallpaper", "dotnet-wallpaper.csproj", "{375BC90D-1622-49EC-984F-18286CDAD7BE}"
EndProject
Global
	GlobalSection(SolutionConfigurationPlatforms) = preSolution
		Debug|Any CPU = Debug|Any CPU
		Release|Any CPU = Release|Any CPU
	EndGlobalSection
	GlobalSection(ProjectConfigurationPlatforms) = postSolution
		{375BC90D-1622-49EC-984F-18286CDAD7BE}.Debug|Any CPU.ActiveCfg = Debug|Any CPU
		{375BC90D-1622-49EC-984F-18286CDAD7BE}.Debug|Any CPU.Build.0 = Debug|Any CPU
		{375BC90D-1622-49EC-984F-18286CDAD7BE}.Release|Any CPU.ActiveCfg = Release|Any CPU
		{375BC90D-1622-49EC-984F-18286CDAD7BE}.Release|Any CPU.Build.0 = Release|Any CPU
	EndGlobalSection
	GlobalSection(SolutionProperties) = preSolution
		HideSolutionNode = FALSE
	EndGlobalSection
	GlobalSection(ExtensibilityGlobals) = postSolution
		SolutionGuid = {EC219C53-D129-4B86-B619-DE0DD0035A63}
	EndGlobalSection
EndGlobal
