
Microsoft Visual Studio Solution File, Format Version 12.00
# Visual Studio Version 16
VisualStudioVersion = 16.0.31220.234
MinimumVisualStudioVersion = 10.0.40219.1
Project("{9A19103F-16F7-4668-BE54-9A1E7A4F7556}") = "dotnet-wallpaper", "dotnet-wallpaper\dotnet-wallpaper.csproj", "{A1E18213-08EE-48F7-AEC5-04ECA92F62BC}"
EndProject
Global
	GlobalSection(SolutionConfigurationPlatforms) = preSolution
		Debug|Any CPU = Debug|Any CPU
		Release|Any CPU = Release|Any CPU
	EndGlobalSection
	GlobalSection(ProjectConfigurationPlatforms) = postSolution
		{A1E18213-08EE-48F7-AEC5-04ECA92F62BC}.Debug|Any CPU.ActiveCfg = Debug|Any CPU
		{A1E18213-08EE-48F7-AEC5-04ECA92F62BC}.Debug|Any CPU.Build.0 = Debug|Any CPU
		{A1E18213-08EE-48F7-AEC5-04ECA92F62BC}.Release|Any CPU.ActiveCfg = Release|Any CPU
		{A1E18213-08EE-48F7-AEC5-04ECA92F62BC}.Release|Any CPU.Build.0 = Release|Any CPU
	EndGlobalSection
	GlobalSection(SolutionProperties) = preSolution
		HideSolutionNode = FALSE
	EndGlobalSection
	GlobalSection(ExtensibilityGlobals) = postSolution
		SolutionGuid = {27502DE9-D10D-418E-A0BA-5E11A9EA5958}
	EndGlobalSection
EndGlobal
